
Microsoft Visual Studio Solution File, Format Version 12.00
# Visual Studio Version 17
VisualStudioVersion = 17.8.34330.188
MinimumVisualStudioVersion = 10.0.40219.1
Project("{FAE04EC0-301F-11D3-BF4B-00C04F79EFBC}") = "Customer.API", "Customer.API\Customer.API.csproj", "{A4B439F6-F098-4694-817E-E8069E996E2E}"
EndProject
Project("{FAE04EC0-301F-11D3-BF4B-00C04F79EFBC}") = "Customer.TestApp", "Customer.TestApp\Customer.TestApp.csproj", "{855204E9-B759-452D-AC3D-578CF3AD486D}"
EndProject
Global
	GlobalSection(SolutionConfigurationPlatforms) = preSolution
		Debug|Any CPU = Debug|Any CPU
		Release|Any CPU = Release|Any CPU
	EndGlobalSection
	GlobalSection(ProjectConfigurationPlatforms) = postSolution
		{A4B439F6-F098-4694-817E-E8069E996E2E}.Debug|Any CPU.ActiveCfg = Debug|Any CPU
		{A4B439F6-F098-4694-817E-E8069E996E2E}.Debug|Any CPU.Build.0 = Debug|Any CPU
		{A4B439F6-F098-4694-817E-E8069E996E2E}.Release|Any CPU.ActiveCfg = Release|Any CPU
		{A4B439F6-F098-4694-817E-E8069E996E2E}.Release|Any CPU.Build.0 = Release|Any CPU
		{855204E9-B759-452D-AC3D-578CF3AD486D}.Debug|Any CPU.ActiveCfg = Debug|Any CPU
		{855204E9-B759-452D-AC3D-578CF3AD486D}.Debug|Any CPU.Build.0 = Debug|Any CPU
		{855204E9-B759-452D-AC3D-578CF3AD486D}.Release|Any CPU.ActiveCfg = Release|Any CPU
		{855204E9-B759-452D-AC3D-578CF3AD486D}.Release|Any CPU.Build.0 = Release|Any CPU
	EndGlobalSection
	GlobalSection(SolutionProperties) = preSolution
		HideSolutionNode = FALSE
	EndGlobalSection
	GlobalSection(ExtensibilityGlobals) = postSolution
		SolutionGuid = {0F52A87B-CAE3-4BCC-A131-7AA7B4E8A852}
	EndGlobalSection
EndGlobal
